
Microsoft Visual Studio Solution File, Format Version 12.00
# Visual Studio Version 17
VisualStudioVersion = 17.0.32002.185
MinimumVisualStudioVersion = 10.0.40219.1
Project("{FAE04EC0-301F-11D3-BF4B-00C04F79EFBC}") = "EFCore_MVC", "EFCore_MVC\EFCore_MVC.csproj", "{8E3AB1CF-26BF-4630-B582-E08D82DC61A9}"
EndProject
Project("{9A19103F-16F7-4668-BE54-9A1E7A4F7556}") = "InventoryModels", "InventoryModels\InventoryModels.csproj", "{B56D6753-9562-4D45-9697-2207DD92F7DC}"
EndProject
Global
	GlobalSection(SolutionConfigurationPlatforms) = preSolution
		Debug|Any CPU = Debug|Any CPU
		Release|Any CPU = Release|Any CPU
	EndGlobalSection
	GlobalSection(ProjectConfigurationPlatforms) = postSolution
		{8E3AB1CF-26BF-4630-B582-E08D82DC61A9}.Debug|Any CPU.ActiveCfg = Debug|Any CPU
		{8E3AB1CF-26BF-4630-B582-E08D82DC61A9}.Debug|Any CPU.Build.0 = Debug|Any CPU
		{8E3AB1CF-26BF-4630-B582-E08D82DC61A9}.Release|Any CPU.ActiveCfg = Release|Any CPU
		{8E3AB1CF-26BF-4630-B582-E08D82DC61A9}.Release|Any CPU.Build.0 = Release|Any CPU
		{B56D6753-9562-4D45-9697-2207DD92F7DC}.Debug|Any CPU.ActiveCfg = Debug|Any CPU
		{B56D6753-9562-4D45-9697-2207DD92F7DC}.Debug|Any CPU.Build.0 = Debug|Any CPU
		{B56D6753-9562-4D45-9697-2207DD92F7DC}.Release|Any CPU.ActiveCfg = Release|Any CPU
		{B56D6753-9562-4D45-9697-2207DD92F7DC}.Release|Any CPU.Build.0 = Release|Any CPU
	EndGlobalSection
	GlobalSection(SolutionProperties) = preSolution
		HideSolutionNode = FALSE
	EndGlobalSection
	GlobalSection(ExtensibilityGlobals) = postSolution
		SolutionGuid = {A58CD65D-F2C7-464E-9CE4-9B6229CFE7EE}
	EndGlobalSection
EndGlobal
